lockVersion: 2.0.0
id: c072afc9-65e8-4581-91a2-435738f3240c
management:
  docChecksum: 035df3ed30ae2c318a2a548f3db114de
  docVersion: v3
  speakeasyVersion: 1.210.0
  generationVersion: 2.281.2
  releaseVersion: 0.0.1
  configChecksum: 01450468e1a473ddb12813e9ae119121
  repoURL: https://github.com/speakeasy-sdks/hubspot.git
  repoSubDirectory: deals
  installationURL: https://github.com/speakeasy-sdks/hubspot/deals
features:
  go:
    constsAndDefaults: 0.1.4
    core: 3.4.4
    flattening: 2.81.1
    globalSecurity: 2.82.8
    globalServerURLs: 2.82.2
    methodSecurity: 2.82.2
    responseFormat: 0.1.0
generatedFiles:
  - batch.go
  - basic.go
  - publicobject.go
  - gdpr.go
  - search.go
  - hubspotdeals.go
  - go.mod
  - models/sdkerrors/sdkerror.go
  - types/bigint.go
  - types/date.go
  - types/datetime.go
  - types/decimal.go
  - types/pointers.go
  - internal/utils/contenttype.go
  - internal/utils/form.go
  - internal/utils/headers.go
  - internal/utils/json.go
  - internal/utils/pathparams.go
  - internal/utils/queryparams.go
  - internal/utils/requestbody.go
  - internal/utils/retries.go
  - internal/utils/security.go
  - internal/utils/utils.go
  - /models/operations/postcrmv3objectsdealsbatchreadread.go
  - /models/operations/postcrmv3objectsdealsbatcharchivearchive.go
  - /models/operations/postcrmv3objectsdealsbatchcreatecreate.go
  - /models/operations/postcrmv3objectsdealsbatchupdateupdate.go
  - /models/operations/getcrmv3objectsdealsdealidgetbyid.go
  - /models/operations/deletecrmv3objectsdealsdealidarchive.go
  - /models/operations/patchcrmv3objectsdealsdealidupdate.go
  - /models/operations/getcrmv3objectsdealsgetpage.go
  - /models/operations/postcrmv3objectsdealscreate.go
  - /models/operations/postcrmv3objectsdealsmergemerge.go
  - /models/operations/postcrmv3objectsdealsgdprdeletepurge.go
  - /models/operations/postcrmv3objectsdealssearchdosearch.go
  - /models/components/error.go
  - /models/components/errordetail.go
  - /models/components/batchresponsesimplepublicobjectwitherrors.go
  - /models/components/standarderror.go
  - /models/components/simplepublicobject.go
  - /models/components/valuewithtimestamp.go
  - /models/components/batchresponsesimplepublicobject.go
  - /models/components/httpmetadata.go
  - /models/components/batchreadinputsimplepublicobjectid.go
  - /models/components/simplepublicobjectid.go
  - /models/components/batchinputsimplepublicobjectid.go
  - /models/components/batchinputsimplepublicobjectinputforcreate.go
  - /models/components/simplepublicobjectinputforcreate.go
  - /models/components/publicassociationsforobject.go
  - /models/components/publicobjectid.go
  - /models/components/associationspec.go
  - /models/components/batchinputsimplepublicobjectbatchinput.go
  - /models/components/simplepublicobjectbatchinput.go
  - /models/components/simplepublicobjectwithassociations.go
  - /models/components/collectionresponseassociatedid.go
  - /models/components/associatedid.go
  - /models/components/paging.go
  - /models/components/previouspage.go
  - /models/components/nextpage.go
  - /models/components/simplepublicobjectinput.go
  - /models/components/collectionresponsesimplepublicobjectwithassociationsforwardpaging.go
  - /models/components/forwardpaging.go
  - /models/components/publicmergeinput.go
  - /models/components/publicgdprdeleteinput.go
  - /models/components/collectionresponsewithtotalsimplepublicobjectforwardpaging.go
  - /models/components/publicobjectsearchrequest.go
  - /models/components/filtergroup.go
  - /models/components/filter.go
  - /models/components/security.go
  - docs/models/operations/postcrmv3objectsdealsbatchreadreadsecurity.md
  - docs/models/operations/postcrmv3objectsdealsbatchreadreadrequest.md
  - docs/models/operations/postcrmv3objectsdealsbatchreadreadresponse.md
  - docs/models/operations/postcrmv3objectsdealsbatcharchivearchivesecurity.md
  - docs/models/operations/postcrmv3objectsdealsbatcharchivearchiveresponse.md
  - docs/models/operations/postcrmv3objectsdealsbatchcreatecreatesecurity.md
  - docs/models/operations/postcrmv3objectsdealsbatchcreatecreateresponse.md
  - docs/models/operations/postcrmv3objectsdealsbatchupdateupdatesecurity.md
  - docs/models/operations/postcrmv3objectsdealsbatchupdateupdateresponse.md
  - docs/models/operations/getcrmv3objectsdealsdealidgetbyidsecurity.md
  - docs/models/operations/getcrmv3objectsdealsdealidgetbyidrequest.md
  - docs/models/operations/getcrmv3objectsdealsdealidgetbyidresponse.md
  - docs/models/operations/deletecrmv3objectsdealsdealidarchivesecurity.md
  - docs/models/operations/deletecrmv3objectsdealsdealidarchiverequest.md
  - docs/models/operations/deletecrmv3objectsdealsdealidarchiveresponse.md
  - docs/models/operations/patchcrmv3objectsdealsdealidupdatesecurity.md
  - docs/models/operations/patchcrmv3objectsdealsdealidupdaterequest.md
  - docs/models/operations/patchcrmv3objectsdealsdealidupdateresponse.md
  - docs/models/operations/getcrmv3objectsdealsgetpagesecurity.md
  - docs/models/operations/getcrmv3objectsdealsgetpagerequest.md
  - docs/models/operations/getcrmv3objectsdealsgetpageresponse.md
  - docs/models/operations/postcrmv3objectsdealscreatesecurity.md
  - docs/models/operations/postcrmv3objectsdealscreateresponse.md
  - docs/models/operations/postcrmv3objectsdealsmergemergesecurity.md
  - docs/models/operations/postcrmv3objectsdealsmergemergeresponse.md
  - docs/models/operations/postcrmv3objectsdealsgdprdeletepurgesecurity.md
  - docs/models/operations/postcrmv3objectsdealsgdprdeletepurgeresponse.md
  - docs/models/operations/postcrmv3objectsdealssearchdosearchsecurity.md
  - docs/models/operations/postcrmv3objectsdealssearchdosearchresponse.md
  - docs/models/components/error.md
  - docs/models/components/errordetail.md
  - docs/models/components/batchresponsesimplepublicobjectwitherrorsstatus.md
  - docs/models/components/batchresponsesimplepublicobjectwitherrors.md
  - docs/models/components/subcategory.md
  - docs/models/components/standarderror.md
  - docs/models/components/simplepublicobject.md
  - docs/models/components/valuewithtimestamp.md
  - docs/models/components/status.md
  - docs/models/components/batchresponsesimplepublicobject.md
  - docs/models/components/httpmetadata.md
  - docs/models/components/batchreadinputsimplepublicobjectid.md
  - docs/models/components/simplepublicobjectid.md
  - docs/models/components/batchinputsimplepublicobjectid.md
  - docs/models/components/batchinputsimplepublicobjectinputforcreate.md
  - docs/models/components/simplepublicobjectinputforcreate.md
  - docs/models/components/publicassociationsforobject.md
  - docs/models/components/publicobjectid.md
  - docs/models/components/associationcategory.md
  - docs/models/components/associationspec.md
  - docs/models/components/batchinputsimplepublicobjectbatchinput.md
  - docs/models/components/simplepublicobjectbatchinput.md
  - docs/models/components/simplepublicobjectwithassociations.md
  - docs/models/components/collectionresponseassociatedid.md
  - docs/models/components/associatedid.md
  - docs/models/components/paging.md
  - docs/models/components/previouspage.md
  - docs/models/components/nextpage.md
  - docs/models/components/simplepublicobjectinput.md
  - docs/models/components/collectionresponsesimplepublicobjectwithassociationsforwardpaging.md
  - docs/models/components/forwardpaging.md
  - docs/models/components/publicmergeinput.md
  - docs/models/components/publicgdprdeleteinput.md
  - docs/models/components/collectionresponsewithtotalsimplepublicobjectforwardpaging.md
  - docs/models/components/publicobjectsearchrequest.md
  - docs/models/components/filtergroup.md
  - docs/models/components/operator.md
  - docs/models/components/filter.md
  - docs/models/components/security.md
  - docs/sdks/hubspotdeals/README.md
  - docs/sdks/batch/README.md
  - docs/sdks/basic/README.md
  - docs/sdks/publicobject/README.md
  - docs/sdks/gdpr/README.md
  - docs/sdks/search/README.md
  - USAGE.md
  - models/operations/options.go
  - .gitattributes
  - internal/hooks/hooks.go
